# THIS IS AN AUTOGENERATED FILE. DO NOT EDIT THIS FILE DIRECTLY.
# yarn lockfile v1


commander@^9.4.0:
  version "9.4.0"
  resolved "http://npm.htsc/commander/download/commander-9.4.0.tgz#bc4a40918fefe52e22450c111ecd6b7acce6f11c"
  integrity sha1-vEpAkY/v5S4iRQwRHs1reszm8Rw=

kleur@^3.0.3:
  version "3.0.3"
  resolved "http://npm.htsc/kleur/download/kleur-3.0.3.tgz#a79c9ecc86ee1ce3fa6206d1216c501f147fc07e"
  integrity sha1-p5yezIbuHOP6YgbRIWxQHxR/wH4=

prompts@^2.4.2:
  version "2.4.2"
  resolved "http://npm.htsc/prompts/download/prompts-2.4.2.tgz#7b57e73b3a48029ad10ebd44f74b01722a4cb069"
  integrity sha1-e1fnOzpIAprRDr1E90sBcipMsGk=
  dependencies:
    kleur "^3.0.3"
    sisteransi "^1.0.5"

sisteransi@^1.0.5:
  version "1.0.5"
  resolved "http://npm.htsc/sisteransi/download/sisteransi-1.0.5.tgz#134d681297756437cc05ca01370d3a7a571075ed"
  integrity sha1-E01oEpd1ZDfMBcoBNw06elcQde0=
